// !$*UTF8*$!
{
	archiveVersion = 1;
	classes = {
	};
	objectVersion = 48;
	objects = {

/* Begin PBXBuildFile section */
		C484061B2004A4DB007275BF /* AppDelegate.swift in Sources */ = {isa = PBXBuildFile; fileRef = C484061A2004A4DB007275BF /* AppDelegate.swift */; };
		C484061D2004A4DB007275BF /* MainVC.swift in Sources */ = {isa = PBXBuildFile; fileRef = C484061C2004A4DB007275BF /* MainVC.swift */; };
		C48406202004A4DB007275BF /* Main.storyboard in Resources */ = {isa = PBXBuildFile; fileRef = C484061E2004A4DB007275BF /* Main.storyboard */; };
		C48406222004A4DB007275BF /* Assets.xcassets in Resources */ = {isa = PBXBuildFile; fileRef = C48406212004A4DB007275BF /* Assets.xcassets */; };
		C48406252004A4DB007275BF /* LaunchScreen.storyboard in Resources */ = {isa = PBXBuildFile; fileRef = C48406232004A4DB007275BF /* LaunchScreen.storyboard */; };
/* End PBXBuildFile section */

/* Begin PBXFileReference section */
		C48406172004A4DB007275BF /* EWO Plats.app */ = {isa = PBXFileReference; explicitFileType = wrapper.application; includeInIndex = 0; path = "EWO Plats.app"; sourceTree = BUILT_PRODUCTS_DIR; };
		C484061A2004A4DB007275BF /* AppDelegate.swift */ = {isa = PBXFileReference; lastKnownFileType = sourcecode.swift; path = AppDelegate.swift; sourceTree = "<group>"; };
		C484061C2004A4DB007275BF /* MainVC.swift */ = {isa = PBXFileReference; lastKnownFileType = sourcecode.swift; path = MainVC.swift; sourceTree = "<group>"; };
		C484061F2004A4DB007275BF /* Base */ = {isa = PBXFileReference; lastKnownFileType = file.storyboard; name = Base; path = Base.lproj/Main.storyboard; sourceTree = "<group>"; };
		C48406212004A4DB007275BF /* Assets.xcassets */ = {isa = PBXFileReference; lastKnownFileType = folder.assetcatalog; path = Assets.xcassets; sourceTree = "<group>"; };
		C48406242004A4DB007275BF /* Base */ = {isa = PBXFileReference; lastKnownFileType = file.storyboard; name = Base; path = Base.lproj/LaunchScreen.storyboard; sourceTree = "<group>"; };
		C48406262004A4DB007275BF /* Info.plist */ = {isa = PBXFileReference; lastKnownFileType = text.plist.xml; path = Info.plist; sourceTree = "<group>"; };
/* End PBXFileReference section */

/* Begin PBXFrameworksBuildPhase section */
		C48406142004A4DB007275BF /* Frameworks */ = {
			isa = PBXFrameworksBuildPhase;
			buildActionMask = 2147483647;
			files = (
			);
			runOnlyForDeploymentPostprocessing = 0;
		};
/* End PBXFrameworksBuildPhase section */

/* Begin PBXGroup section */
		C484060E2004A4DB007275BF = {
			isa = PBXGroup;
			children = (
				C48406192004A4DB007275BF /* EWO Plats */,
				C48406182004A4DB007275BF /* Products */,
			);
			sourceTree = "<group>";
		};
		C48406182004A4DB007275BF /* Products */ = {
			isa = PBXGroup;
			children = (
				C48406172004A4DB007275BF /* EWO Plats.app */,
			);
			name = Products;
			sourceTree = "<group>";
		};
		C48406192004A4DB007275BF /* EWO Plats */ = {
			isa = PBXGroup;
			children = (
				C484062E2004AB48007275BF /* Service */,
				C484062D2004AB35007275BF /* View */,
				C484062C2004AB1D007275BF /* Model */,
				C484061A2004A4DB007275BF /* AppDelegate.swift */,
				C484061E2004A4DB007275BF /* Main.storyboard */,
				C48406212004A4DB007275BF /* Assets.xcassets */,
				C48406232004A4DB007275BF /* LaunchScreen.storyboard */,
				C48406262004A4DB007275BF /* Info.plist */,
			);
			path = "EWO Plats";
			sourceTree = "<group>";
		};
		C484062C2004AB1D007275BF /* Model */ = {
			isa = PBXGroup;
			children = (
			);
			path = Model;
			sourceTree = "<group>";
		};
		C484062D2004AB35007275BF /* View */ = {
			isa = PBXGroup;
			children = (
				C484061C2004A4DB007275BF /* MainVC.swift */,
			);
			path = View;
			sourceTree = "<group>";
		};
		C484062E2004AB48007275BF /* Service */ = {
			isa = PBXGroup;
			children = (
			);
			path = Service;
			sourceTree = "<group>";
		};
/* End PBXGroup section */

/* Begin PBXNativeTarget section */
		C48406162004A4DB007275BF /* EWO Plats */ = {
			isa = PBXNativeTarget;
			buildConfigurationList = C48406292004A4DB007275BF /* Build configuration list for PBXNativeTarget "EWO Plats" */;
			buildPhases = (
				C48406132004A4DB007275BF /* Sources */,
				C48406142004A4DB007275BF /* Frameworks */,
				C48406152004A4DB007275BF /* Resources */,
			);
			buildRules = (
			);
			dependencies = (
			);
			name = "EWO Plats";
			productName = "EWO Plats";
			productReference = C48406172004A4DB007275BF /* EWO Plats.app */;
			productType = "com.apple.product-type.application";
		};
/* End PBXNativeTarget section */

/* Begin PBXProject section */
		C484060F2004A4DB007275BF /* Project object */ = {
			isa = PBXProject;
			attributes = {
				LastSwiftUpdateCheck = 0920;
				LastUpgradeCheck = 0920;
				ORGANIZATIONNAME = "Tigran Tshorokhyan";
				TargetAttributes = {
					C48406162004A4DB007275BF = {
						CreatedOnToolsVersion = 9.2;
						ProvisioningStyle = Automatic;
					};
				};
			};
			buildConfigurationList = C48406122004A4DB007275BF /* Build configuration list for PBXProject "EWO Plats" */;
			compatibilityVersion = "Xcode 8.0";
			developmentRegion = en;
			hasScannedForEncodings = 0;
			knownRegions = (
				en,
				Base,
			);
			mainGroup = C484060E2004A4DB007275BF;
			productRefGroup = C48406182004A4DB007275BF /* Products */;
			projectDirPath = "";
			projectRoot = "";
			targets = (
				C48406162004A4DB007275BF /* EWO Plats */,
			);
		};
/* End PBXProject section */

/* Begin PBXResourcesBuildPhase section */
		C48406152004A4DB007275BF /* Resources */ = {
			isa = PBXResourcesBuildPhase;
			buildActionMask = 2147483647;
			files = (
				C48406252004A4DB007275BF /* LaunchScreen.storyboard in Resources */,
				C48406222004A4DB007275BF /* Assets.xcassets in Resources */,
				C48406202004A4DB007275BF /* Main.storyboard in Resources */,
			);
			runOnlyForDeploymentPostprocessing = 0;
		};
/* End PBXResourcesBuildPhase section */

/* Begin PBXSourcesBuildPhase section */
		C48406132004A4DB007275BF /* Sources */ = {
			isa = PBXSourcesBuildPhase;
			buildActionMask = 2147483647;
			files = (
				C484061D2004A4DB007275BF /* MainVC.swift in Sources */,
				C484061B2004A4DB007275BF /* AppDelegate.swift in Sources */,
			);
			runOnlyForDeploymentPostprocessing = 0;
		};
/* End PBXSourcesBuildPhase section */

/* Begin PBXVariantGroup section */
		C484061E2004A4DB007275BF /* Main.storyboard */ = {
			isa = PBXVariantGroup;
			children = (
				C484061F2004A4DB007275BF /* Base */,
			);
			name = Main.storyboard;
			sourceTree = "<group>";
		};
		C48406232004A4DB007275BF /* LaunchScreen.storyboard */ = {
			isa = PBXVariantGroup;
			children = (
				C48406242004A4DB007275BF /* Base */,
			);
			name = LaunchScreen.storyboard;
			sourceTree = "<group>";
		};
/* End PBXVariantGroup section */

/* Begin XCBuildConfiguration section */
		C48406272004A4DB007275BF /* Debug */ = {
			isa = XCBuildConfiguration;
			buildSettings = {
				ALWAYS_SEARCH_USER_PATHS = NO;
				CLANG_ANALYZER_NONNULL = YES;
				CLANG_ANALYZER_NUMBER_OBJECT_CONVERSION = YES_AGGRESSIVE;
				CLANG_CXX_LANGUAGE_STANDARD = "gnu++14";
				CLANG_CXX_LIBRARY = "libc++";
				CLANG_ENABLE_MODULES = YES;
				CLANG_ENABLE_OBJC_ARC = YES;
				CLANG_WARN_BLOCK_CAPTURE_AUTORELEASING = YES;
				CLANG_WARN_BOOL_CONVERSION = YES;
				CLANG_WARN_COMMA = YES;
				CLANG_WARN_CONSTANT_CONVERSION = YES;
				CLANG_WARN_DIRECT_OBJC_ISA_USAGE = YES_ERROR;
				CLANG_WARN_DOCUMENTATION_COMMENTS = YES;
				CLANG_WARN_EMPTY_BODY = YES;
				CLANG_WARN_ENUM_CONVERSION = YES;
				CLANG_WARN_INFINITE_RECURSION = YES;
				CLANG_WARN_INT_CONVERSION = YES;
				CLANG_WARN_NON_LITERAL_NULL_CONVERSION = YES;
				CLANG_WARN_OBJC_LITERAL_CONVERSION = YES;
				CLANG_WARN_OBJC_ROOT_CLASS = YES_ERROR;
				CLANG_WARN_RANGE_LOOP_ANALYSIS = YES;
				CLANG_WARN_STRICT_PROTOTYPES = YES;
				CLANG_WARN_SUSPICIOUS_MOVE = YES;
				CLANG_WARN_UNGUARDED_AVAILABILITY = YES_AGGRESSIVE;
				CLANG_WARN_UNREACHABLE_CODE = YES;
				CLANG_WARN__DUPLICATE_METHOD_MATCH = YES;
				CODE_SIGN_IDENTITY = "iPhone Developer";
				COPY_PHASE_STRIP = NO;
				DEBUG_INFORMATION_FORMAT = dwarf;
				ENABLE_STRICT_OBJC_MSGSEND = YES;
				ENABLE_TESTABILITY = YES;
				GCC_C_LANGUAGE_STANDARD = gnu11;
				GCC_DYNAMIC_NO_PIC = NO;
				GCC_NO_COMMON_BLOCKS = YES;
				GCC_OPTIMIZATION_LEVEL = 0;
				GCC_PREPROCESSOR_DEFINITIONS = (
					"DEBUG=1",
					"$(inherited)",
				);
				GCC_WARN_64_TO_32_BIT_CONVERSION = YES;
				GCC_WARN_ABOUT_RETURN_TYPE = YES_ERROR;
				GCC_WARN_UNDECLARED_SELECTOR = YES;
				GCC_WARN_UNINITIALIZED_AUTOS = YES_AGGRESSIVE;
				GCC_WARN_UNUSED_FUNCTION = YES;
				GCC_WARN_UNUSED_VARIABLE = YES;
				IPHONEOS_DEPLOYMENT_TARGET = 11.2;
				MTL_ENABLE_DEBUG_INFO = YES;
				ONLY_ACTIVE_ARCH = YES;
				SDKROOT = iphoneos;
				SWIFT_ACTIVE_COMPILATION_CONDITIONS = DEBUG;
				SWIFT_OPTIMIZATION_LEVEL = "-Onone";
			};
			name = Debug;
		};
		C48406282004A4DB007275BF /* Release */ = {
			isa = XCBuildConfiguration;
			buildSettings = {
				ALWAYS_SEARCH_USER_PATHS = NO;
				CLANG_ANALYZER_NONNULL = YES;
				CLANG_ANALYZER_NUMBER_OBJECT_CONVERSION = YES_AGGRESSIVE;
				CLANG_CXX_LANGUAGE_STANDARD = "gnu++14";
				CLANG_CXX_LIBRARY = "libc++";
				CLANG_ENABLE_MODULES = YES;
				CLANG_ENABLE_OBJC_ARC = YES;
				CLANG_WARN_BLOCK_CAPTURE_AUTORELEASING = YES;
				CLANG_WARN_BOOL_CONVERSION = YES;
				CLANG_WARN_COMMA = YES;
				CLANG_WARN_CONSTANT_CONVERSION = YES;
				CLANG_WARN_DIRECT_OBJC_ISA_USAGE = YES_ERROR;
				CLANG_WARN_DOCUMENTATION_COMMENTS = YES;
				CLANG_WARN_EMPTY_BODY = YES;
				CLANG_WARN_ENUM_CONVERSION = YES;
				CLANG_WARN_INFINITE_RECURSION = YES;
				CLANG_WARN_INT_CONVERSION = YES;
				CLANG_WARN_NON_LITERAL_NULL_CONVERSION = YES;
				CLANG_WARN_OBJC_LITERAL_CONVERSION = YES;
				CLANG_WARN_OBJC_ROOT_CLASS = YES_ERROR;
				CLANG_WARN_RANGE_LOOP_ANALYSIS = YES;
				CLANG_WARN_STRICT_PROTOTYPES = YES;
				CLANG_WARN_SUSPICIOUS_MOVE = YES;
				CLANG_WARN_UNGUARDED_AVAILABILITY = YES_AGGRESSIVE;
				CLANG_WARN_UNREACHABLE_CODE = YES;
				CLANG_WARN__DUPLICATE_METHOD_MATCH = YES;
				CODE_SIGN_IDENTITY = "iPhone Developer";
				COPY_PHASE_STRIP = NO;
				DEBUG_INFORMATION_FORMAT = "dwarf-with-dsym";
				ENABLE_NS_ASSERTIONS = NO;
				ENABLE_STRICT_OBJC_MSGSEND = YES;
				GCC_C_LANGUAGE_STANDARD = gnu11;
				GCC_NO_COMMON_BLOCKS = YES;
				GCC_WARN_64_TO_32_BIT_CONVERSION = YES;
				GCC_WARN_ABOUT_RETURN_TYPE = YES_ERROR;
				GCC_WARN_UNDECLARED_SELECTOR = YES;
				GCC_WARN_UNINITIALIZED_AUTOS = YES_AGGRESSIVE;
				GCC_WARN_UNUSED_FUNCTION = YES;
				GCC_WARN_UNUSED_VARIABLE = YES;
				IPHONEOS_DEPLOYMENT_TARGET = 11.2;
				MTL_ENABLE_DEBUG_INFO = NO;
				SDKROOT = iphoneos;
				SWIFT_OPTIMIZATION_LEVEL = "-Owholemodule";
				VALIDATE_PRODUCT = YES;
			};
			name = Release;
		};
		C484062A2004A4DB007275BF /* Debug */ = {
			isa = XCBuildConfiguration;
			buildSettings = {
				ASSETCATALOG_COMPILER_APPICON_NAME = AppIcon;
				CODE_SIGN_STYLE = Automatic;
				DEVELOPMENT_TEAM = V3CJEBBG2E;
				INFOPLIST_FILE = "EWO Plats/Info.plist";
				LD_RUNPATH_SEARCH_PATHS = "$(inherited) @executable_path/Frameworks";
				PRODUCT_BUNDLE_IDENTIFIER = "TT.iOS.EWO-Plats";
				PRODUCT_NAME = "$(TARGET_NAME)";
				SWIFT_VERSION = 4.0;
				TARGETED_DEVICE_FAMILY = "1,2";
			};
			name = Debug;
		};
		C484062B2004A4DB007275BF /* Release */ = {
			isa = XCBuildConfiguration;
			buildSettings = {
				ASSETCATALOG_COMPILER_APPICON_NAME = AppIcon;
				CODE_SIGN_STYLE = Automatic;
				DEVELOPMENT_TEAM = V3CJEBBG2E;
				INFOPLIST_FILE = "EWO Plats/Info.plist";
				LD_RUNPATH_SEARCH_PATHS = "$(inherited) @executable_path/Frameworks";
				PRODUCT_BUNDLE_IDENTIFIER = "TT.iOS.EWO-Plats";
				PRODUCT_NAME = "$(TARGET_NAME)";
				SWIFT_VERSION = 4.0;
				TARGETED_DEVICE_FAMILY = "1,2";
			};
			name = Release;
		};
/* End XCBuildConfiguration section */

/* Begin XCConfigurationList section */
		C48406122004A4DB007275BF /* Build configuration list for PBXProject "EWO Plats" */ = {
			isa = XCConfigurationList;
			buildConfigurations = (
				C48406272004A4DB007275BF /* Debug */,
				C48406282004A4DB007275BF /* Release */,
			);
			defaultConfigurationIsVisible = 0;
			defaultConfigurationName = Release;
		};
		C48406292004A4DB007275BF /* Build configuration list for PBXNativeTarget "EWO Plats" */ = {
			isa = XCConfigurationList;
			buildConfigurations = (
				C484062A2004A4DB007275BF /* Debug */,
				C484062B2004A4DB007275BF /* Release */,
			);
			defaultConfigurationIsVisible = 0;
			defaultConfigurationName = Release;
		};
/* End XCConfigurationList section */
	};
	rootObject = C484060F2004A4DB007275BF /* Project object */;
}
