// !$*UTF8*$!
{
	archiveVersion = 1;
	classes = {
	};
	objectVersion = 48;
	objects = {

/* Begin PBXBuildFile section */
		C40EBBEF200B4F16009703F4 /* DocumentVC.swift in Sources */ = {isa = PBXBuildFile; fileRef = C40EBBEE200B4F16009703F4 /* DocumentVC.swift */; };
		C40EBBF12010892B009703F4 /* Reachability.swift in Sources */ = {isa = PBXBuildFile; fileRef = C40EBBF02010892B009703F4 /* Reachability.swift */; };
		C437F10F202704E6001A67EC /* CoreData.framework in Frameworks */ = {isa = PBXBuildFile; fileRef = C437F10E202704E6001A67EC /* CoreData.framework */; };
		C437F1122027057B001A67EC /* EWO_Plats.xcdatamodeld in Sources */ = {isa = PBXBuildFile; fileRef = C437F1102027057B001A67EC /* EWO_Plats.xcdatamodeld */; };
		C4485D4C2015890500C75B68 /* Pin.swift in Sources */ = {isa = PBXBuildFile; fileRef = C4485D4B2015890500C75B68 /* Pin.swift */; };
		C4485D4E2015981C00C75B68 /* PinInfoArray.swift in Sources */ = {isa = PBXBuildFile; fileRef = C4485D4D2015981C00C75B68 /* PinInfoArray.swift */; };
		C4485D50201E979300C75B68 /* MainVCExtension.swift in Sources */ = {isa = PBXBuildFile; fileRef = C4485D4F201E979300C75B68 /* MainVCExtension.swift */; };
		C4485D51201ED8E100C75B68 /* MapKit.framework in Frameworks */ = {isa = PBXBuildFile; fileRef = C4570E7B20088A650019277A /* MapKit.framework */; };
		C459941E202938C8006B4D5C /* NoteCell.swift in Sources */ = {isa = PBXBuildFile; fileRef = C459941D202938C8006B4D5C /* NoteCell.swift */; };
		C4599422202ADC2B006B4D5C /* NoteVC.swift in Sources */ = {isa = PBXBuildFile; fileRef = C4599421202ADC2B006B4D5C /* NoteVC.swift */; };
		C484061B2004A4DB007275BF /* AppDelegate.swift in Sources */ = {isa = PBXBuildFile; fileRef = C484061A2004A4DB007275BF /* AppDelegate.swift */; };
		C484061D2004A4DB007275BF /* MainVC.swift in Sources */ = {isa = PBXBuildFile; fileRef = C484061C2004A4DB007275BF /* MainVC.swift */; };
		C48406202004A4DB007275BF /* Main.storyboard in Resources */ = {isa = PBXBuildFile; fileRef = C484061E2004A4DB007275BF /* Main.storyboard */; };
		C48406222004A4DB007275BF /* Assets.xcassets in Resources */ = {isa = PBXBuildFile; fileRef = C48406212004A4DB007275BF /* Assets.xcassets */; };
		C48406252004A4DB007275BF /* LaunchScreen.storyboard in Resources */ = {isa = PBXBuildFile; fileRef = C48406232004A4DB007275BF /* LaunchScreen.storyboard */; };
		C4884E302005892000B1803B /* ButtonsMapView.swift in Sources */ = {isa = PBXBuildFile; fileRef = C4884E2F2005892000B1803B /* ButtonsMapView.swift */; };
		C49A12952030475C007217F4 /* KeyboardExtensions.swift in Sources */ = {isa = PBXBuildFile; fileRef = C49A12942030475C007217F4 /* KeyboardExtensions.swift */; };
		C49A129720312A18007217F4 /* AddNote.swift in Sources */ = {isa = PBXBuildFile; fileRef = C49A129620312A18007217F4 /* AddNote.swift */; };
/* End PBXBuildFile section */

/* Begin PBXFileReference section */
		C40EBBEE200B4F16009703F4 /* DocumentVC.swift */ = {isa = PBXFileReference; lastKnownFileType = sourcecode.swift; path = DocumentVC.swift; sourceTree = "<group>"; };
		C40EBBF02010892B009703F4 /* Reachability.swift */ = {isa = PBXFileReference; lastKnownFileType = sourcecode.swift; path = Reachability.swift; sourceTree = "<group>"; };
		C437F10E202704E6001A67EC /* CoreData.framework */ = {isa = PBXFileReference; lastKnownFileType = wrapper.framework; name = CoreData.framework; path = System/Library/Frameworks/CoreData.framework; sourceTree = SDKROOT; };
		C437F1112027057B001A67EC /* EWO_Plats.xcdatamodel */ = {isa = PBXFileReference; lastKnownFileType = wrapper.xcdatamodel; path = EWO_Plats.xcdatamodel; sourceTree = "<group>"; };
		C4485D4B2015890500C75B68 /* Pin.swift */ = {isa = PBXFileReference; lastKnownFileType = sourcecode.swift; path = Pin.swift; sourceTree = "<group>"; };
		C4485D4D2015981C00C75B68 /* PinInfoArray.swift */ = {isa = PBXFileReference; lastKnownFileType = sourcecode.swift; path = PinInfoArray.swift; sourceTree = "<group>"; };
		C4485D4F201E979300C75B68 /* MainVCExtension.swift */ = {isa = PBXFileReference; lastKnownFileType = sourcecode.swift; path = MainVCExtension.swift; sourceTree = "<group>"; };
		C4570E7B20088A650019277A /* MapKit.framework */ = {isa = PBXFileReference; lastKnownFileType = wrapper.framework; name = MapKit.framework; path = System/Library/Frameworks/MapKit.framework; sourceTree = SDKROOT; };
		C459941D202938C8006B4D5C /* NoteCell.swift */ = {isa = PBXFileReference; lastKnownFileType = sourcecode.swift; path = NoteCell.swift; sourceTree = "<group>"; };
		C4599421202ADC2B006B4D5C /* NoteVC.swift */ = {isa = PBXFileReference; lastKnownFileType = sourcecode.swift; path = NoteVC.swift; sourceTree = "<group>"; };
		C48406172004A4DB007275BF /* EWO Plats.app */ = {isa = PBXFileReference; explicitFileType = wrapper.application; includeInIndex = 0; path = "EWO Plats.app"; sourceTree = BUILT_PRODUCTS_DIR; };
		C484061A2004A4DB007275BF /* AppDelegate.swift */ = {isa = PBXFileReference; lastKnownFileType = sourcecode.swift; path = AppDelegate.swift; sourceTree = "<group>"; };
		C484061C2004A4DB007275BF /* MainVC.swift */ = {isa = PBXFileReference; lastKnownFileType = sourcecode.swift; path = MainVC.swift; sourceTree = "<group>"; };
		C484061F2004A4DB007275BF /* Base */ = {isa = PBXFileReference; lastKnownFileType = file.storyboard; name = Base; path = Base.lproj/Main.storyboard; sourceTree = "<group>"; };
		C48406212004A4DB007275BF /* Assets.xcassets */ = {isa = PBXFileReference; lastKnownFileType = folder.assetcatalog; path = Assets.xcassets; sourceTree = "<group>"; };
		C48406242004A4DB007275BF /* Base */ = {isa = PBXFileReference; lastKnownFileType = file.storyboard; name = Base; path = Base.lproj/LaunchScreen.storyboard; sourceTree = "<group>"; };
		C48406262004A4DB007275BF /* Info.plist */ = {isa = PBXFileReference; lastKnownFileType = text.plist.xml; path = Info.plist; sourceTree = "<group>"; };
		C4884E2F2005892000B1803B /* ButtonsMapView.swift */ = {isa = PBXFileReference; lastKnownFileType = sourcecode.swift; path = ButtonsMapView.swift; sourceTree = "<group>"; };
		C49A12942030475C007217F4 /* KeyboardExtensions.swift */ = {isa = PBXFileReference; lastKnownFileType = sourcecode.swift; path = KeyboardExtensions.swift; sourceTree = "<group>"; };
		C49A129620312A18007217F4 /* AddNote.swift */ = {isa = PBXFileReference; lastKnownFileType = sourcecode.swift; path = AddNote.swift; sourceTree = "<group>"; };
/* End PBXFileReference section */

/* Begin PBXFrameworksBuildPhase section */
		C48406142004A4DB007275BF /* Frameworks */ = {
			isa = PBXFrameworksBuildPhase;
			buildActionMask = 2147483647;
			files = (
				C437F10F202704E6001A67EC /* CoreData.framework in Frameworks */,
				C4485D51201ED8E100C75B68 /* MapKit.framework in Frameworks */,
			);
			runOnlyForDeploymentPostprocessing = 0;
		};
/* End PBXFrameworksBuildPhase section */

/* Begin PBXGroup section */
		C4485D4820155ECF00C75B68 /* Supporting Files */ = {
			isa = PBXGroup;
			children = (
				C48406212004A4DB007275BF /* Assets.xcassets */,
				C484061A2004A4DB007275BF /* AppDelegate.swift */,
				C48406232004A4DB007275BF /* LaunchScreen.storyboard */,
			);
			path = "Supporting Files";
			sourceTree = "<group>";
		};
		C4570E7A20088A640019277A /* Frameworks */ = {
			isa = PBXGroup;
			children = (
				C437F10E202704E6001A67EC /* CoreData.framework */,
				C4570E7B20088A650019277A /* MapKit.framework */,
			);
			name = Frameworks;
			sourceTree = "<group>";
		};
		C484060E2004A4DB007275BF = {
			isa = PBXGroup;
			children = (
				C48406192004A4DB007275BF /* EWO Plats */,
				C48406182004A4DB007275BF /* Products */,
				C4570E7A20088A640019277A /* Frameworks */,
			);
			sourceTree = "<group>";
		};
		C48406182004A4DB007275BF /* Products */ = {
			isa = PBXGroup;
			children = (
				C48406172004A4DB007275BF /* EWO Plats.app */,
			);
			name = Products;
			sourceTree = "<group>";
		};
		C48406192004A4DB007275BF /* EWO Plats */ = {
			isa = PBXGroup;
			children = (
				C484062C2004AB1D007275BF /* Model */,
				C484062D2004AB35007275BF /* View */,
				C484062E2004AB48007275BF /* Controller */,
				C484061E2004A4DB007275BF /* Main.storyboard */,
				C4485D4820155ECF00C75B68 /* Supporting Files */,
				C48406262004A4DB007275BF /* Info.plist */,
			);
			path = "EWO Plats";
			sourceTree = "<group>";
		};
		C484062C2004AB1D007275BF /* Model */ = {
			isa = PBXGroup;
			children = (
				C40EBBF02010892B009703F4 /* Reachability.swift */,
				C4485D4B2015890500C75B68 /* Pin.swift */,
				C4485D4D2015981C00C75B68 /* PinInfoArray.swift */,
				C437F1102027057B001A67EC /* EWO_Plats.xcdatamodeld */,
			);
			path = Model;
			sourceTree = "<group>";
		};
		C484062D2004AB35007275BF /* View */ = {
			isa = PBXGroup;
			children = (
				C4884E2F2005892000B1803B /* ButtonsMapView.swift */,
				C49A12942030475C007217F4 /* KeyboardExtensions.swift */,
				C459941D202938C8006B4D5C /* NoteCell.swift */,
			);
			path = View;
			sourceTree = "<group>";
		};
		C484062E2004AB48007275BF /* Controller */ = {
			isa = PBXGroup;
			children = (
				C484061C2004A4DB007275BF /* MainVC.swift */,
				C4485D4F201E979300C75B68 /* MainVCExtension.swift */,
				C40EBBEE200B4F16009703F4 /* DocumentVC.swift */,
				C4599421202ADC2B006B4D5C /* NoteVC.swift */,
				C49A129620312A18007217F4 /* AddNote.swift */,
			);
			path = Controller;
			sourceTree = "<group>";
		};
/* End PBXGroup section */

/* Begin PBXNativeTarget section */
		C48406162004A4DB007275BF /* EWO Plats */ = {
			isa = PBXNativeTarget;
			buildConfigurationList = C48406292004A4DB007275BF /* Build configuration list for PBXNativeTarget "EWO Plats" */;
			buildPhases = (
				C48406132004A4DB007275BF /* Sources */,
				C48406142004A4DB007275BF /* Frameworks */,
				C48406152004A4DB007275BF /* Resources */,
			);
			buildRules = (
			);
			dependencies = (
			);
			name = "EWO Plats";
			productName = "EWO Plats";
			productReference = C48406172004A4DB007275BF /* EWO Plats.app */;
			productType = "com.apple.product-type.application";
		};
/* End PBXNativeTarget section */

/* Begin PBXProject section */
		C484060F2004A4DB007275BF /* Project object */ = {
			isa = PBXProject;
			attributes = {
				LastSwiftUpdateCheck = 0920;
				LastUpgradeCheck = 0920;
				ORGANIZATIONNAME = "Tigran Tshorokhyan";
				TargetAttributes = {
					C48406162004A4DB007275BF = {
						CreatedOnToolsVersion = 9.2;
						ProvisioningStyle = Automatic;
						SystemCapabilities = {
							com.apple.Maps.iOS = {
								enabled = 1;
							};
						};
					};
				};
			};
			buildConfigurationList = C48406122004A4DB007275BF /* Build configuration list for PBXProject "EWO Plats" */;
			compatibilityVersion = "Xcode 8.0";
			developmentRegion = en;
			hasScannedForEncodings = 0;
			knownRegions = (
				en,
				Base,
			);
			mainGroup = C484060E2004A4DB007275BF;
			productRefGroup = C48406182004A4DB007275BF /* Products */;
			projectDirPath = "";
			projectRoot = "";
			targets = (
				C48406162004A4DB007275BF /* EWO Plats */,
			);
		};
/* End PBXProject section */

/* Begin PBXResourcesBuildPhase section */
		C48406152004A4DB007275BF /* Resources */ = {
			isa = PBXResourcesBuildPhase;
			buildActionMask = 2147483647;
			files = (
				C48406252004A4DB007275BF /* LaunchScreen.storyboard in Resources */,
				C48406222004A4DB007275BF /* Assets.xcassets in Resources */,
				C48406202004A4DB007275BF /* Main.storyboard in Resources */,
			);
			runOnlyForDeploymentPostprocessing = 0;
		};
/* End PBXResourcesBuildPhase section */

/* Begin PBXSourcesBuildPhase section */
		C48406132004A4DB007275BF /* Sources */ = {
			isa = PBXSourcesBuildPhase;
			buildActionMask = 2147483647;
			files = (
				C4884E302005892000B1803B /* ButtonsMapView.swift in Sources */,
				C484061D2004A4DB007275BF /* MainVC.swift in Sources */,
				C437F1122027057B001A67EC /* EWO_Plats.xcdatamodeld in Sources */,
				C484061B2004A4DB007275BF /* AppDelegate.swift in Sources */,
				C49A12952030475C007217F4 /* KeyboardExtensions.swift in Sources */,
				C4485D50201E979300C75B68 /* MainVCExtension.swift in Sources */,
				C4485D4E2015981C00C75B68 /* PinInfoArray.swift in Sources */,
				C4485D4C2015890500C75B68 /* Pin.swift in Sources */,
				C459941E202938C8006B4D5C /* NoteCell.swift in Sources */,
				C4599422202ADC2B006B4D5C /* NoteVC.swift in Sources */,
				C49A129720312A18007217F4 /* AddNote.swift in Sources */,
				C40EBBF12010892B009703F4 /* Reachability.swift in Sources */,
				C40EBBEF200B4F16009703F4 /* DocumentVC.swift in Sources */,
			);
			runOnlyForDeploymentPostprocessing = 0;
		};
/* End PBXSourcesBuildPhase section */

/* Begin PBXVariantGroup section */
		C484061E2004A4DB007275BF /* Main.storyboard */ = {
			isa = PBXVariantGroup;
			children = (
				C484061F2004A4DB007275BF /* Base */,
			);
			name = Main.storyboard;
			sourceTree = "<group>";
		};
		C48406232004A4DB007275BF /* LaunchScreen.storyboard */ = {
			isa = PBXVariantGroup;
			children = (
				C48406242004A4DB007275BF /* Base */,
			);
			name = LaunchScreen.storyboard;
			sourceTree = "<group>";
		};
/* End PBXVariantGroup section */

/* Begin XCBuildConfiguration section */
		C48406272004A4DB007275BF /* Debug */ = {
			isa = XCBuildConfiguration;
			buildSettings = {
				ALWAYS_SEARCH_USER_PATHS = NO;
				CLANG_ANALYZER_NONNULL = YES;
				CLANG_ANALYZER_NUMBER_OBJECT_CONVERSION = YES_AGGRESSIVE;
				CLANG_CXX_LANGUAGE_STANDARD = "gnu++14";
				CLANG_CXX_LIBRARY = "libc++";
				CLANG_ENABLE_MODULES = YES;
				CLANG_ENABLE_OBJC_ARC = YES;
				CLANG_WARN_BLOCK_CAPTURE_AUTORELEASING = YES;
				CLANG_WARN_BOOL_CONVERSION = YES;
				CLANG_WARN_COMMA = YES;
				CLANG_WARN_CONSTANT_CONVERSION = YES;
				CLANG_WARN_DIRECT_OBJC_ISA_USAGE = YES_ERROR;
				CLANG_WARN_DOCUMENTATION_COMMENTS = YES;
				CLANG_WARN_EMPTY_BODY = YES;
				CLANG_WARN_ENUM_CONVERSION = YES;
				CLANG_WARN_INFINITE_RECURSION = YES;
				CLANG_WARN_INT_CONVERSION = YES;
				CLANG_WARN_NON_LITERAL_NULL_CONVERSION = YES;
				CLANG_WARN_OBJC_LITERAL_CONVERSION = YES;
				CLANG_WARN_OBJC_ROOT_CLASS = YES_ERROR;
				CLANG_WARN_RANGE_LOOP_ANALYSIS = YES;
				CLANG_WARN_STRICT_PROTOTYPES = YES;
				CLANG_WARN_SUSPICIOUS_MOVE = YES;
				CLANG_WARN_UNGUARDED_AVAILABILITY = YES_AGGRESSIVE;
				CLANG_WARN_UNREACHABLE_CODE = YES;
				CLANG_WARN__DUPLICATE_METHOD_MATCH = YES;
				CODE_SIGN_IDENTITY = "iPhone Developer";
				COPY_PHASE_STRIP = NO;
				DEBUG_INFORMATION_FORMAT = dwarf;
				ENABLE_STRICT_OBJC_MSGSEND = YES;
				ENABLE_TESTABILITY = YES;
				GCC_C_LANGUAGE_STANDARD = gnu11;
				GCC_DYNAMIC_NO_PIC = NO;
				GCC_NO_COMMON_BLOCKS = YES;
				GCC_OPTIMIZATION_LEVEL = 0;
				GCC_PREPROCESSOR_DEFINITIONS = (
					"DEBUG=1",
					"$(inherited)",
				);
				GCC_WARN_64_TO_32_BIT_CONVERSION = YES;
				GCC_WARN_ABOUT_RETURN_TYPE = YES_ERROR;
				GCC_WARN_UNDECLARED_SELECTOR = YES;
				GCC_WARN_UNINITIALIZED_AUTOS = YES_AGGRESSIVE;
				GCC_WARN_UNUSED_FUNCTION = YES;
				GCC_WARN_UNUSED_VARIABLE = YES;
				IPHONEOS_DEPLOYMENT_TARGET = 11.2;
				MTL_ENABLE_DEBUG_INFO = YES;
				ONLY_ACTIVE_ARCH = YES;
				SDKROOT = iphoneos;
				SWIFT_ACTIVE_COMPILATION_CONDITIONS = DEBUG;
				SWIFT_OPTIMIZATION_LEVEL = "-Onone";
			};
			name = Debug;
		};
		C48406282004A4DB007275BF /* Release */ = {
			isa = XCBuildConfiguration;
			buildSettings = {
				ALWAYS_SEARCH_USER_PATHS = NO;
				CLANG_ANALYZER_NONNULL = YES;
				CLANG_ANALYZER_NUMBER_OBJECT_CONVERSION = YES_AGGRESSIVE;
				CLANG_CXX_LANGUAGE_STANDARD = "gnu++14";
				CLANG_CXX_LIBRARY = "libc++";
				CLANG_ENABLE_MODULES = YES;
				CLANG_ENABLE_OBJC_ARC = YES;
				CLANG_WARN_BLOCK_CAPTURE_AUTORELEASING = YES;
				CLANG_WARN_BOOL_CONVERSION = YES;
				CLANG_WARN_COMMA = YES;
				CLANG_WARN_CONSTANT_CONVERSION = YES;
				CLANG_WARN_DIRECT_OBJC_ISA_USAGE = YES_ERROR;
				CLANG_WARN_DOCUMENTATION_COMMENTS = YES;
				CLANG_WARN_EMPTY_BODY = YES;
				CLANG_WARN_ENUM_CONVERSION = YES;
				CLANG_WARN_INFINITE_RECURSION = YES;
				CLANG_WARN_INT_CONVERSION = YES;
				CLANG_WARN_NON_LITERAL_NULL_CONVERSION = YES;
				CLANG_WARN_OBJC_LITERAL_CONVERSION = YES;
				CLANG_WARN_OBJC_ROOT_CLASS = YES_ERROR;
				CLANG_WARN_RANGE_LOOP_ANALYSIS = YES;
				CLANG_WARN_STRICT_PROTOTYPES = YES;
				CLANG_WARN_SUSPICIOUS_MOVE = YES;
				CLANG_WARN_UNGUARDED_AVAILABILITY = YES_AGGRESSIVE;
				CLANG_WARN_UNREACHABLE_CODE = YES;
				CLANG_WARN__DUPLICATE_METHOD_MATCH = YES;
				CODE_SIGN_IDENTITY = "iPhone Developer";
				COPY_PHASE_STRIP = NO;
				DEBUG_INFORMATION_FORMAT = "dwarf-with-dsym";
				ENABLE_NS_ASSERTIONS = NO;
				ENABLE_STRICT_OBJC_MSGSEND = YES;
				GCC_C_LANGUAGE_STANDARD = gnu11;
				GCC_NO_COMMON_BLOCKS = YES;
				GCC_WARN_64_TO_32_BIT_CONVERSION = YES;
				GCC_WARN_ABOUT_RETURN_TYPE = YES_ERROR;
				GCC_WARN_UNDECLARED_SELECTOR = YES;
				GCC_WARN_UNINITIALIZED_AUTOS = YES_AGGRESSIVE;
				GCC_WARN_UNUSED_FUNCTION = YES;
				GCC_WARN_UNUSED_VARIABLE = YES;
				IPHONEOS_DEPLOYMENT_TARGET = 11.2;
				MTL_ENABLE_DEBUG_INFO = NO;
				SDKROOT = iphoneos;
				SWIFT_OPTIMIZATION_LEVEL = "-Owholemodule";
				VALIDATE_PRODUCT = YES;
			};
			name = Release;
		};
		C484062A2004A4DB007275BF /* Debug */ = {
			isa = XCBuildConfiguration;
			buildSettings = {
				ASSETCATALOG_COMPILER_APPICON_NAME = AppIcon;
				CODE_SIGN_STYLE = Automatic;
				DEVELOPMENT_TEAM = 27VJBKXGQJ;
				INFOPLIST_FILE = "EWO Plats/Info.plist";
				LD_RUNPATH_SEARCH_PATHS = "$(inherited) @executable_path/Frameworks";
				PRODUCT_BUNDLE_IDENTIFIER = "com.att.EWO-Plats";
				PRODUCT_NAME = "$(TARGET_NAME)";
				SWIFT_VERSION = 4.0;
				TARGETED_DEVICE_FAMILY = "1,2";
			};
			name = Debug;
		};
		C484062B2004A4DB007275BF /* Release */ = {
			isa = XCBuildConfiguration;
			buildSettings = {
				ASSETCATALOG_COMPILER_APPICON_NAME = AppIcon;
				CODE_SIGN_STYLE = Automatic;
				DEVELOPMENT_TEAM = 27VJBKXGQJ;
				INFOPLIST_FILE = "EWO Plats/Info.plist";
				LD_RUNPATH_SEARCH_PATHS = "$(inherited) @executable_path/Frameworks";
				PRODUCT_BUNDLE_IDENTIFIER = "com.att.EWO-Plats";
				PRODUCT_NAME = "$(TARGET_NAME)";
				SWIFT_VERSION = 4.0;
				TARGETED_DEVICE_FAMILY = "1,2";
			};
			name = Release;
		};
/* End XCBuildConfiguration section */

/* Begin XCConfigurationList section */
		C48406122004A4DB007275BF /* Build configuration list for PBXProject "EWO Plats" */ = {
			isa = XCConfigurationList;
			buildConfigurations = (
				C48406272004A4DB007275BF /* Debug */,
				C48406282004A4DB007275BF /* Release */,
			);
			defaultConfigurationIsVisible = 0;
			defaultConfigurationName = Release;
		};
		C48406292004A4DB007275BF /* Build configuration list for PBXNativeTarget "EWO Plats" */ = {
			isa = XCConfigurationList;
			buildConfigurations = (
				C484062A2004A4DB007275BF /* Debug */,
				C484062B2004A4DB007275BF /* Release */,
			);
			defaultConfigurationIsVisible = 0;
			defaultConfigurationName = Release;
		};
/* End XCConfigurationList section */

/* Begin XCVersionGroup section */
		C437F1102027057B001A67EC /* EWO_Plats.xcdatamodeld */ = {
			isa = XCVersionGroup;
			children = (
				C437F1112027057B001A67EC /* EWO_Plats.xcdatamodel */,
			);
			currentVersion = C437F1112027057B001A67EC /* EWO_Plats.xcdatamodel */;
			path = EWO_Plats.xcdatamodeld;
			sourceTree = "<group>";
			versionGroupType = wrapper.xcdatamodel;
		};
/* End XCVersionGroup section */
	};
	rootObject = C484060F2004A4DB007275BF /* Project object */;
}
